
Microsoft Visual Studio Solution File, Format Version 12.00
# Visual Studio Version 17
VisualStudioVersion = 17.9.34714.143
MinimumVisualStudioVersion = 10.0.40219.1
Project("{9A19103F-16F7-4668-BE54-9A1E7A4F7556}") = "odbc_connect", "odbc_connect.csproj", "{E2C5A671-F22E-4148-A27B-2AD2FF2EC6BB}"
EndProject
Project("{2150E333-8FDC-42A3-9474-1A3956D46DE8}") = "Элементы решения", "Элементы решения", "{6CD04A79-B479-4B6D-BE69-9CC7ECF8F39B}"
EndProject
Project("{9A19103F-16F7-4668-BE54-9A1E7A4F7556}") = "TestClient", "..\TestClient\TestClient.csproj", "{95CFC214-5D41-4FFA-B03D-3D5E571A239C}"
EndProject
Global
	GlobalSection(SolutionConfigurationPlatforms) = preSolution
		Debug|Any CPU = Debug|Any CPU
		Debug|x64 = Debug|x64
		Release|Any CPU = Release|Any CPU
		Release|x64 = Release|x64
	EndGlobalSection
	GlobalSection(ProjectConfigurationPlatforms) = postSolution
		{E2C5A671-F22E-4148-A27B-2AD2FF2EC6BB}.Debug|Any CPU.ActiveCfg = Debug|Any CPU
		{E2C5A671-F22E-4148-A27B-2AD2FF2EC6BB}.Debug|Any CPU.Build.0 = Debug|Any CPU
		{E2C5A671-F22E-4148-A27B-2AD2FF2EC6BB}.Debug|x64.ActiveCfg = Debug|Any CPU
		{E2C5A671-F22E-4148-A27B-2AD2FF2EC6BB}.Debug|x64.Build.0 = Debug|Any CPU
		{E2C5A671-F22E-4148-A27B-2AD2FF2EC6BB}.Release|Any CPU.ActiveCfg = Release|Any CPU
		{E2C5A671-F22E-4148-A27B-2AD2FF2EC6BB}.Release|Any CPU.Build.0 = Release|Any CPU
		{E2C5A671-F22E-4148-A27B-2AD2FF2EC6BB}.Release|x64.ActiveCfg = Release|Any CPU
		{E2C5A671-F22E-4148-A27B-2AD2FF2EC6BB}.Release|x64.Build.0 = Release|Any CPU
		{95CFC214-5D41-4FFA-B03D-3D5E571A239C}.Debug|Any CPU.ActiveCfg = Debug|Any CPU
		{95CFC214-5D41-4FFA-B03D-3D5E571A239C}.Debug|Any CPU.Build.0 = Debug|Any CPU
		{95CFC214-5D41-4FFA-B03D-3D5E571A239C}.Debug|x64.ActiveCfg = Debug|x64
		{95CFC214-5D41-4FFA-B03D-3D5E571A239C}.Debug|x64.Build.0 = Debug|x64
		{95CFC214-5D41-4FFA-B03D-3D5E571A239C}.Release|Any CPU.ActiveCfg = Release|Any CPU
		{95CFC214-5D41-4FFA-B03D-3D5E571A239C}.Release|Any CPU.Build.0 = Release|Any CPU
		{95CFC214-5D41-4FFA-B03D-3D5E571A239C}.Release|x64.ActiveCfg = Release|x64
		{95CFC214-5D41-4FFA-B03D-3D5E571A239C}.Release|x64.Build.0 = Release|x64
	EndGlobalSection
	GlobalSection(SolutionProperties) = preSolution
		HideSolutionNode = FALSE
	EndGlobalSection
	GlobalSection(ExtensibilityGlobals) = postSolution
		SolutionGuid = {F6209AC7-B6F9-4FAA-84BE-B59530A5282C}
	EndGlobalSection
EndGlobal
